
Microsoft Visual Studio Solution File, Format Version 12.00
# Visual Studio Version 17
VisualStudioVersion = 17.5.33530.505
MinimumVisualStudioVersion = 10.0.40219.1
Project("{FAE04EC0-301F-11D3-BF4B-00C04F79EFBC}") = "HelloWorld", "HelloWorld.csproj", "{C39F7B2A-6F26-458D-B873-29E4BBC2B6CD}"
EndProject
Global
	GlobalSection(SolutionConfigurationPlatforms) = preSolution
		Debug|Any CPU = Debug|Any CPU
		Release|Any CPU = Release|Any CPU
	EndGlobalSection
	GlobalSection(ProjectConfigurationPlatforms) = postSolution
		{C39F7B2A-6F26-458D-B873-29E4BBC2B6CD}.Debug|Any CPU.ActiveCfg = Debug|Any CPU
		{C39F7B2A-6F26-458D-B873-29E4BBC2B6CD}.Debug|Any CPU.Build.0 = Debug|Any CPU
		{C39F7B2A-6F26-458D-B873-29E4BBC2B6CD}.Release|Any CPU.ActiveCfg = Release|Any CPU
		{C39F7B2A-6F26-458D-B873-29E4BBC2B6CD}.Release|Any CPU.Build.0 = Release|Any CPU
	EndGlobalSection
	GlobalSection(SolutionProperties) = preSolution
		HideSolutionNode = FALSE
	EndGlobalSection
	GlobalSection(ExtensibilityGlobals) = postSolution
		SolutionGuid = {1432F0F7-2742-4DC2-9188-FD158BDE15DC}
	EndGlobalSection
EndGlobal
